{
  "name": "tsinit",
  "version": "1.0.0",
  "lockfileVersion": 2,
  "requires": true,
  "packages": {
    "": {
      "name": "tsinit",
      "version": "1.0.0",
      "license": "ISC",
      "dependencies": {
        "ngx-scrollreveal": "^3.0.0",
        "scrollreveal": "^4.0.9"
      },
      "devDependencies": {
        "typescript": "^4.9.4"
      }
    },
    "node_modules/@angular/common": {
      "version": "15.0.4",
      "resolved": "https://registry.npmjs.org/@angular/common/-/common-15.0.4.tgz",
      "integrity": "sha512-0x/2IhaetJqfXMeQ4DlRnOTzGWD0OvOeKORyi0q7WXPxSoD9MUezQHGmzkc5lK9tDYE9cNYyQfkUBcbJT/k6MA==",
      "peer": true,
      "dependencies": {
        "tslib": "^2.3.0"
      },
      "engines": {
        "node": "^14.20.0 || ^16.13.0 || >=18.10.0"
      },
      "peerDependencies": {
        "@angular/core": "15.0.4",
        "rxjs": "^6.5.3 || ^7.4.0"
      }
    },
    "node_modules/@angular/core": {
      "version": "15.0.4",
      "resolved": "https://registry.npmjs.org/@angular/core/-/core-15.0.4.tgz",
      "integrity": "sha512-Xf8Nuu0iM/VjQHPS4A0jufqTYZCfiGqc0iAD7j9zM3TD6caQ3OP4mxXVYYTpIG+APKel38+Gol8cpQB/8PVbqQ==",
      "peer": true,
      "dependencies": {
        "tslib": "^2.3.0"
      },
      "engines": {
        "node": "^14.20.0 || ^16.13.0 || >=18.10.0"
      },
      "peerDependencies": {
        "rxjs": "^6.5.3 || ^7.4.0",
        "zone.js": "~0.11.4 || ~0.12.0"
      }
    },
    "node_modules/is-dom-node": {
      "version": "1.0.4",
      "resolved": "https://registry.npmjs.org/is-dom-node/-/is-dom-node-1.0.4.tgz",
      "integrity": "sha512-NEnTHKCeyGJTL0cKdzATF8SWzyTMYf5CbNKWBvsXvyMxZG32g+a09qkeCbrfQNLTD85CbPeHb4YjIJCjyzF0yA=="
    },
    "node_modules/is-dom-node-list": {
      "version": "1.2.1",
      "resolved": "https://registry.npmjs.org/is-dom-node-list/-/is-dom-node-list-1.2.1.tgz",
      "integrity": "sha512-P1H071iT5TGG8pAHslhrLDo/tQLYc8tGuWABVqhGU4l2mm7aDNb9cx2myQ2AujEQO6B2cAujcW4a0/+6UfXInw==",
      "dependencies": {
        "is-dom-node": "^1.0.4"
      }
    },
    "node_modules/miniraf": {
      "version": "1.0.0",
      "resolved": "https://registry.npmjs.org/miniraf/-/miniraf-1.0.0.tgz",
      "integrity": "sha512-XpvhtJYzVrpXe+JoAthrT9E40NIrSDDMcdHEYL2M+lR/OCas0nadetcBBq/MWYqlgV5aDWVQ3mfAqd+fG6Y/EQ=="
    },
    "node_modules/ngx-scrollreveal": {
      "version": "3.0.0",
      "resolved": "https://registry.npmjs.org/ngx-scrollreveal/-/ngx-scrollreveal-3.0.0.tgz",
      "integrity": "sha512-ffpjWcgTA/2tizsdpxbuf/lxJuiITxbaSdZeFcAgBarf3PC1sWO9QPD7nPRX+N8byivTqy5WOd0bzktOm57efg==",
      "peerDependencies": {
        "@angular/common": ">=6.0.0",
        "@angular/core": ">=6.0.0",
        "scrollreveal": ">=4.0.2"
      }
    },
    "node_modules/rematrix": {
      "version": "0.3.0",
      "resolved": "https://registry.npmjs.org/rematrix/-/rematrix-0.3.0.tgz",
      "integrity": "sha512-xB/9ZvJIKaDgXX0qkvV9/pLD8zK23A6TVV6F8Vhsl+SrxbBeVYutz5uszxgC6Rt3RP9LZiH8OXaYjr+x6WXWmQ=="
    },
    "node_modules/rxjs": {
      "version": "7.8.0",
      "resolved": "https://registry.npmjs.org/rxjs/-/rxjs-7.8.0.tgz",
      "integrity": "sha512-F2+gxDshqmIub1KdvZkaEfGDwLNpPvk9Fs6LD/MyQxNgMds/WH9OdDDXOmxUZpME+iSK3rQCctkL0DYyytUqMg==",
      "peer": true,
      "dependencies": {
        "tslib": "^2.1.0"
      }
    },
    "node_modules/scrollreveal": {
      "version": "4.0.9",
      "resolved": "https://registry.npmjs.org/scrollreveal/-/scrollreveal-4.0.9.tgz",
      "integrity": "sha512-fefGvzVS8YbXbDK1+T0kvy2yqxaiBJZeGUhPeqajf+7sGqtX4xikbKGAlzQuPCpswAMswx94ZwhDjXKnRIqW1w==",
      "hasInstallScript": true,
      "dependencies": {
        "miniraf": "1.0.0",
        "rematrix": "0.3.0",
        "tealight": "0.3.6"
      }
    },
    "node_modules/tealight": {
      "version": "0.3.6",
      "resolved": "https://registry.npmjs.org/tealight/-/tealight-0.3.6.tgz",
      "integrity": "sha512-Dys3N8jFBThD9pNVpPCyUiu6DfWcTBdqWQJIvnAuVaFkGEdrPBJ43070vVbn6sTlLvn2IQK2zFW4FrVIrTo8eQ==",
      "dependencies": {
        "is-dom-node": "^1.0.4",
        "is-dom-node-list": "^1.2.1"
      }
    },
    "node_modules/tslib": {
      "version": "2.4.1",
      "resolved": "https://registry.npmjs.org/tslib/-/tslib-2.4.1.tgz",
      "integrity": "sha512-tGyy4dAjRIEwI7BzsB0lynWgOpfqjUdq91XXAlIWD2OwKBH7oCl/GZG/HT4BOHrTlPMOASlMQ7veyTqpmRcrNA==",
      "peer": true
    },
    "node_modules/typescript": {
      "version": "4.9.4",
      "resolved": "https://registry.npmjs.org/typescript/-/typescript-4.9.4.tgz",
      "integrity": "sha512-Uz+dTXYzxXXbsFpM86Wh3dKCxrQqUcVMxwU54orwlJjOpO3ao8L7j5lH+dWfTwgCwIuM9GQ2kvVotzYJMXTBZg==",
      "dev": true,
      "bin": {
        "tsc": "bin/tsc",
        "tsserver": "bin/tsserver"
      },
      "engines": {
        "node": ">=4.2.0"
      }
    },
    "node_modules/zone.js": {
      "version": "0.12.0",
      "resolved": "https://registry.npmjs.org/zone.js/-/zone.js-0.12.0.tgz",
      "integrity": "sha512-XtC+I5dXU14HrzidAKBNMqneIVUykLEAA1x+v4KVrd6AUPWlwYORF8KgsVqvgdHiKZ4BkxxjvYi/ksEixTPR0Q==",
      "peer": true,
      "dependencies": {
        "tslib": "^2.3.0"
      }
    }
  },
  "dependencies": {
    "@angular/common": {
      "version": "15.0.4",
      "resolved": "https://registry.npmjs.org/@angular/common/-/common-15.0.4.tgz",
      "integrity": "sha512-0x/2IhaetJqfXMeQ4DlRnOTzGWD0OvOeKORyi0q7WXPxSoD9MUezQHGmzkc5lK9tDYE9cNYyQfkUBcbJT/k6MA==",
      "peer": true,
      "requires": {
        "tslib": "^2.3.0"
      }
    },
    "@angular/core": {
      "version": "15.0.4",
      "resolved": "https://registry.npmjs.org/@angular/core/-/core-15.0.4.tgz",
      "integrity": "sha512-Xf8Nuu0iM/VjQHPS4A0jufqTYZCfiGqc0iAD7j9zM3TD6caQ3OP4mxXVYYTpIG+APKel38+Gol8cpQB/8PVbqQ==",
      "peer": true,
      "requires": {
        "tslib": "^2.3.0"
      }
    },
    "is-dom-node": {
      "version": "1.0.4",
      "resolved": "https://registry.npmjs.org/is-dom-node/-/is-dom-node-1.0.4.tgz",
      "integrity": "sha512-NEnTHKCeyGJTL0cKdzATF8SWzyTMYf5CbNKWBvsXvyMxZG32g+a09qkeCbrfQNLTD85CbPeHb4YjIJCjyzF0yA=="
    },
    "is-dom-node-list": {
      "version": "1.2.1",
      "resolved": "https://registry.npmjs.org/is-dom-node-list/-/is-dom-node-list-1.2.1.tgz",
      "integrity": "sha512-P1H071iT5TGG8pAHslhrLDo/tQLYc8tGuWABVqhGU4l2mm7aDNb9cx2myQ2AujEQO6B2cAujcW4a0/+6UfXInw==",
      "requires": {
        "is-dom-node": "^1.0.4"
      }
    },
    "miniraf": {
      "version": "1.0.0",
      "resolved": "https://registry.npmjs.org/miniraf/-/miniraf-1.0.0.tgz",
      "integrity": "sha512-XpvhtJYzVrpXe+JoAthrT9E40NIrSDDMcdHEYL2M+lR/OCas0nadetcBBq/MWYqlgV5aDWVQ3mfAqd+fG6Y/EQ=="
    },
    "ngx-scrollreveal": {
      "version": "3.0.0",
      "resolved": "https://registry.npmjs.org/ngx-scrollreveal/-/ngx-scrollreveal-3.0.0.tgz",
      "integrity": "sha512-ffpjWcgTA/2tizsdpxbuf/lxJuiITxbaSdZeFcAgBarf3PC1sWO9QPD7nPRX+N8byivTqy5WOd0bzktOm57efg==",
      "requires": {}
    },
    "rematrix": {
      "version": "0.3.0",
      "resolved": "https://registry.npmjs.org/rematrix/-/rematrix-0.3.0.tgz",
      "integrity": "sha512-xB/9ZvJIKaDgXX0qkvV9/pLD8zK23A6TVV6F8Vhsl+SrxbBeVYutz5uszxgC6Rt3RP9LZiH8OXaYjr+x6WXWmQ=="
    },
    "rxjs": {
      "version": "7.8.0",
      "resolved": "https://registry.npmjs.org/rxjs/-/rxjs-7.8.0.tgz",
      "integrity": "sha512-F2+gxDshqmIub1KdvZkaEfGDwLNpPvk9Fs6LD/MyQxNgMds/WH9OdDDXOmxUZpME+iSK3rQCctkL0DYyytUqMg==",
      "peer": true,
      "requires": {
        "tslib": "^2.1.0"
      }
    },
    "scrollreveal": {
      "version": "4.0.9",
      "resolved": "https://registry.npmjs.org/scrollreveal/-/scrollreveal-4.0.9.tgz",
      "integrity": "sha512-fefGvzVS8YbXbDK1+T0kvy2yqxaiBJZeGUhPeqajf+7sGqtX4xikbKGAlzQuPCpswAMswx94ZwhDjXKnRIqW1w==",
      "requires": {
        "miniraf": "1.0.0",
        "rematrix": "0.3.0",
        "tealight": "0.3.6"
      }
    },
    "tealight": {
      "version": "0.3.6",
      "resolved": "https://registry.npmjs.org/tealight/-/tealight-0.3.6.tgz",
      "integrity": "sha512-Dys3N8jFBThD9pNVpPCyUiu6DfWcTBdqWQJIvnAuVaFkGEdrPBJ43070vVbn6sTlLvn2IQK2zFW4FrVIrTo8eQ==",
      "requires": {
        "is-dom-node": "^1.0.4",
        "is-dom-node-list": "^1.2.1"
      }
    },
    "tslib": {
      "version": "2.4.1",
      "resolved": "https://registry.npmjs.org/tslib/-/tslib-2.4.1.tgz",
      "integrity": "sha512-tGyy4dAjRIEwI7BzsB0lynWgOpfqjUdq91XXAlIWD2OwKBH7oCl/GZG/HT4BOHrTlPMOASlMQ7veyTqpmRcrNA==",
      "peer": true
    },
    "typescript": {
      "version": "4.9.4",
      "resolved": "https://registry.npmjs.org/typescript/-/typescript-4.9.4.tgz",
      "integrity": "sha512-Uz+dTXYzxXXbsFpM86Wh3dKCxrQqUcVMxwU54orwlJjOpO3ao8L7j5lH+dWfTwgCwIuM9GQ2kvVotzYJMXTBZg==",
      "dev": true
    },
    "zone.js": {
      "version": "0.12.0",
      "resolved": "https://registry.npmjs.org/zone.js/-/zone.js-0.12.0.tgz",
      "integrity": "sha512-XtC+I5dXU14HrzidAKBNMqneIVUykLEAA1x+v4KVrd6AUPWlwYORF8KgsVqvgdHiKZ4BkxxjvYi/ksEixTPR0Q==",
      "peer": true,
      "requires": {
        "tslib": "^2.3.0"
      }
    }
  }
}
